// !$*UTF8*$!
{
	archiveVersion = 1;
	classes = {
	};
	objectVersion = 46;
	objects = {

/* Begin PBXBuildFile section */
		75A371A618DCC4BD0081B494 /* Foundation.framework in Frameworks */ = {isa = PBXBuildFile; fileRef = 75A371A518DCC4BD0081B494 /* Foundation.framework */; };
		75A371A818DCC4BD0081B494 /* CoreGraphics.framework in Frameworks */ = {isa = PBXBuildFile; fileRef = 75A371A718DCC4BD0081B494 /* CoreGraphics.framework */; };
		75A371AA18DCC4BD0081B494 /* UIKit.framework in Frameworks */ = {isa = PBXBuildFile; fileRef = 75A371A918DCC4BD0081B494 /* UIKit.framework */; };
		75A371B018DCC4BD0081B494 /* InfoPlist.strings in Resources */ = {isa = PBXBuildFile; fileRef = 75A371AE18DCC4BD0081B494 /* InfoPlist.strings */; };
		75A371B218DCC4BD0081B494 /* main.m in Sources */ = {isa = PBXBuildFile; fileRef = 75A371B118DCC4BD0081B494 /* main.m */; };
		75A371B618DCC4BD0081B494 /* AppDelegate.m in Sources */ = {isa = PBXBuildFile; fileRef = 75A371B518DCC4BD0081B494 /* AppDelegate.m */; };
		75A371B918DCC4BD0081B494 /* Main_iPhone.storyboard in Resources */ = {isa = PBXBuildFile; fileRef = 75A371B718DCC4BD0081B494 /* Main_iPhone.storyboard */; };
		75A371BC18DCC4BD0081B494 /* Main_iPad.storyboard in Resources */ = {isa = PBXBuildFile; fileRef = 75A371BA18DCC4BD0081B494 /* Main_iPad.storyboard */; };
		75A371BF18DCC4BD0081B494 /* ViewController.m in Sources */ = {isa = PBXBuildFile; fileRef = 75A371BE18DCC4BD0081B494 /* ViewController.m */; };
		75A371C118DCC4BD0081B494 /* Images.xcassets in Resources */ = {isa = PBXBuildFile; fileRef = 75A371C018DCC4BD0081B494 /* Images.xcassets */; };
		75A371C818DCC4BD0081B494 /* XCTest.framework in Frameworks */ = {isa = PBXBuildFile; fileRef = 75A371C718DCC4BD0081B494 /* XCTest.framework */; };
		75A371C918DCC4BD0081B494 /* Foundation.framework in Frameworks */ = {isa = PBXBuildFile; fileRef = 75A371A518DCC4BD0081B494 /* Foundation.framework */; };
		75A371CA18DCC4BD0081B494 /* UIKit.framework in Frameworks */ = {isa = PBXBuildFile; fileRef = 75A371A918DCC4BD0081B494 /* UIKit.framework */; };
		75A371D218DCC4BD0081B494 /* InfoPlist.strings in Resources */ = {isa = PBXBuildFile; fileRef = 75A371D018DCC4BD0081B494 /* InfoPlist.strings */; };
		75A371D418DCC4BD0081B494 /* audiobooksTests.m in Sources */ = {isa = PBXBuildFile; fileRef = 75A371D318DCC4BD0081B494 /* audiobooksTests.m */; };
/* End PBXBuildFile section */

/* Begin PBXContainerItemProxy section */
		75A371CB18DCC4BD0081B494 /* PBXContainerItemProxy */ = {
			isa = PBXContainerItemProxy;
			containerPortal = 75A3719A18DCC4BD0081B494 /* Project object */;
			proxyType = 1;
			remoteGlobalIDString = 75A371A118DCC4BD0081B494;
			remoteInfo = audiobooks;
		};
/* End PBXContainerItemProxy section */

/* Begin PBXFileReference section */
		75A371A218DCC4BD0081B494 /* audiobooks.app */ = {isa = PBXFileReference; explicitFileType = wrapper.application; includeInIndex = 0; path = audiobooks.app; sourceTree = BUILT_PRODUCTS_DIR; };
		75A371A518DCC4BD0081B494 /* Foundation.framework */ = {isa = PBXFileReference; lastKnownFileType = wrapper.framework; name = Foundation.framework; path = System/Library/Frameworks/Foundation.framework; sourceTree = SDKROOT; };
		75A371A718DCC4BD0081B494 /* CoreGraphics.framework */ = {isa = PBXFileReference; lastKnownFileType = wrapper.framework; name = CoreGraphics.framework; path = System/Library/Frameworks/CoreGraphics.framework; sourceTree = SDKROOT; };
		75A371A918DCC4BD0081B494 /* UIKit.framework */ = {isa = PBXFileReference; lastKnownFileType = wrapper.framework; name = UIKit.framework; path = System/Library/Frameworks/UIKit.framework; sourceTree = SDKROOT; };
		75A371AD18DCC4BD0081B494 /* audiobooks-Info.plist */ = {isa = PBXFileReference; lastKnownFileType = text.plist.xml; path = "audiobooks-Info.plist"; sourceTree = "<group>"; };
		75A371AF18DCC4BD0081B494 /* en */ = {isa = PBXFileReference; lastKnownFileType = text.plist.strings; name = en; path = en.lproj/InfoPlist.strings; sourceTree = "<group>"; };
		75A371B118DCC4BD0081B494 /* main.m */ = {isa = PBXFileReference; lastKnownFileType = sourcecode.c.objc; path = main.m; sourceTree = "<group>"; };
		75A371B318DCC4BD0081B494 /* audiobooks-Prefix.pch */ = {isa = PBXFileReference; lastKnownFileType = sourcecode.c.h; path = "audiobooks-Prefix.pch"; sourceTree = "<group>"; };
		75A371B418DCC4BD0081B494 /* AppDelegate.h */ = {isa = PBXFileReference; lastKnownFileType = sourcecode.c.h; path = AppDelegate.h; sourceTree = "<group>"; };
		75A371B518DCC4BD0081B494 /* AppDelegate.m */ = {isa = PBXFileReference; lastKnownFileType = sourcecode.c.objc; path = AppDelegate.m; sourceTree = "<group>"; };
		75A371B818DCC4BD0081B494 /* Base */ = {isa = PBXFileReference; lastKnownFileType = file.storyboard; name = Base; path = Base.lproj/Main_iPhone.storyboard; sourceTree = "<group>"; };
		75A371BB18DCC4BD0081B494 /* Base */ = {isa = PBXFileReference; lastKnownFileType = file.storyboard; name = Base; path = Base.lproj/Main_iPad.storyboard; sourceTree = "<group>"; };
		75A371BD18DCC4BD0081B494 /* ViewController.h */ = {isa = PBXFileReference; lastKnownFileType = sourcecode.c.h; path = ViewController.h; sourceTree = "<group>"; };
		75A371BE18DCC4BD0081B494 /* ViewController.m */ = {isa = PBXFileReference; lastKnownFileType = sourcecode.c.objc; path = ViewController.m; sourceTree = "<group>"; };
		75A371C018DCC4BD0081B494 /* Images.xcassets */ = {isa = PBXFileReference; lastKnownFileType = folder.assetcatalog; path = Images.xcassets; sourceTree = "<group>"; };
		75A371C618DCC4BD0081B494 /* audiobooksTests.xctest */ = {isa = PBXFileReference; explicitFileType = wrapper.cfbundle; includeInIndex = 0; path = audiobooksTests.xctest; sourceTree = BUILT_PRODUCTS_DIR; };
		75A371C718DCC4BD0081B494 /* XCTest.framework */ = {isa = PBXFileReference; lastKnownFileType = wrapper.framework; name = XCTest.framework; path = Library/Frameworks/XCTest.framework; sourceTree = DEVELOPER_DIR; };
		75A371CF18DCC4BD0081B494 /* audiobooksTests-Info.plist */ = {isa = PBXFileReference; lastKnownFileType = text.plist.xml; path = "audiobooksTests-Info.plist"; sourceTree = "<group>"; };
		75A371D118DCC4BD0081B494 /* en */ = {isa = PBXFileReference; lastKnownFileType = text.plist.strings; name = en; path = en.lproj/InfoPlist.strings; sourceTree = "<group>"; };
		75A371D318DCC4BD0081B494 /* audiobooksTests.m */ = {isa = PBXFileReference; lastKnownFileType = sourcecode.c.objc; path = audiobooksTests.m; sourceTree = "<group>"; };
/* End PBXFileReference section */

/* Begin PBXFrameworksBuildPhase section */
		75A3719F18DCC4BD0081B494 /* Frameworks */ = {
			isa = PBXFrameworksBuildPhase;
			buildActionMask = 2147483647;
			files = (
				75A371A818DCC4BD0081B494 /* CoreGraphics.framework in Frameworks */,
				75A371AA18DCC4BD0081B494 /* UIKit.framework in Frameworks */,
				75A371A618DCC4BD0081B494 /* Foundation.framework in Frameworks */,
			);
			runOnlyForDeploymentPostprocessing = 0;
		};
		75A371C318DCC4BD0081B494 /* Frameworks */ = {
			isa = PBXFrameworksBuildPhase;
			buildActionMask = 2147483647;
			files = (
				75A371C818DCC4BD0081B494 /* XCTest.framework in Frameworks */,
				75A371CA18DCC4BD0081B494 /* UIKit.framework in Frameworks */,
				75A371C918DCC4BD0081B494 /* Foundation.framework in Frameworks */,
			);
			runOnlyForDeploymentPostprocessing = 0;
		};
/* End PBXFrameworksBuildPhase section */

/* Begin PBXGroup section */
		75A3719918DCC4BD0081B494 = {
			isa = PBXGroup;
			children = (
				75A371AB18DCC4BD0081B494 /* audiobooks */,
				75A371CD18DCC4BD0081B494 /* audiobooksTests */,
				75A371A418DCC4BD0081B494 /* Frameworks */,
				75A371A318DCC4BD0081B494 /* Products */,
			);
			sourceTree = "<group>";
		};
		75A371A318DCC4BD0081B494 /* Products */ = {
			isa = PBXGroup;
			children = (
				75A371A218DCC4BD0081B494 /* audiobooks.app */,
				75A371C618DCC4BD0081B494 /* audiobooksTests.xctest */,
			);
			name = Products;
			sourceTree = "<group>";
		};
		75A371A418DCC4BD0081B494 /* Frameworks */ = {
			isa = PBXGroup;
			children = (
				75A371A518DCC4BD0081B494 /* Foundation.framework */,
				75A371A718DCC4BD0081B494 /* CoreGraphics.framework */,
				75A371A918DCC4BD0081B494 /* UIKit.framework */,
				75A371C718DCC4BD0081B494 /* XCTest.framework */,
			);
			name = Frameworks;
			sourceTree = "<group>";
		};
		75A371AB18DCC4BD0081B494 /* audiobooks */ = {
			isa = PBXGroup;
			children = (
				75A371B418DCC4BD0081B494 /* AppDelegate.h */,
				75A371B518DCC4BD0081B494 /* AppDelegate.m */,
				75A371B718DCC4BD0081B494 /* Main_iPhone.storyboard */,
				75A371BA18DCC4BD0081B494 /* Main_iPad.storyboard */,
				75A371BD18DCC4BD0081B494 /* ViewController.h */,
				75A371BE18DCC4BD0081B494 /* ViewController.m */,
				75A371C018DCC4BD0081B494 /* Images.xcassets */,
				75A371AC18DCC4BD0081B494 /* Supporting Files */,
			);
			path = audiobooks;
			sourceTree = "<group>";
		};
		75A371AC18DCC4BD0081B494 /* Supporting Files */ = {
			isa = PBXGroup;
			children = (
				75A371AD18DCC4BD0081B494 /* audiobooks-Info.plist */,
				75A371AE18DCC4BD0081B494 /* InfoPlist.strings */,
				75A371B118DCC4BD0081B494 /* main.m */,
				75A371B318DCC4BD0081B494 /* audiobooks-Prefix.pch */,
			);
			name = "Supporting Files";
			sourceTree = "<group>";
		};
		75A371CD18DCC4BD0081B494 /* audiobooksTests */ = {
			isa = PBXGroup;
			children = (
				75A371D318DCC4BD0081B494 /* audiobooksTests.m */,
				75A371CE18DCC4BD0081B494 /* Supporting Files */,
			);
			path = audiobooksTests;
			sourceTree = "<group>";
		};
		75A371CE18DCC4BD0081B494 /* Supporting Files */ = {
			isa = PBXGroup;
			children = (
				75A371CF18DCC4BD0081B494 /* audiobooksTests-Info.plist */,
				75A371D018DCC4BD0081B494 /* InfoPlist.strings */,
			);
			name = "Supporting Files";
			sourceTree = "<group>";
		};
/* End PBXGroup section */

/* Begin PBXNativeTarget section */
		75A371A118DCC4BD0081B494 /* audiobooks */ = {
			isa = PBXNativeTarget;
			buildConfigurationList = 75A371D718DCC4BD0081B494 /* Build configuration list for PBXNativeTarget "audiobooks" */;
			buildPhases = (
				75A3719E18DCC4BD0081B494 /* Sources */,
				75A3719F18DCC4BD0081B494 /* Frameworks */,
				75A371A018DCC4BD0081B494 /* Resources */,
			);
			buildRules = (
			);
			dependencies = (
			);
			name = audiobooks;
			productName = audiobooks;
			productReference = 75A371A218DCC4BD0081B494 /* audiobooks.app */;
			productType = "com.apple.product-type.application";
		};
		75A371C518DCC4BD0081B494 /* audiobooksTests */ = {
			isa = PBXNativeTarget;
			buildConfigurationList = 75A371DA18DCC4BD0081B494 /* Build configuration list for PBXNativeTarget "audiobooksTests" */;
			buildPhases = (
				75A371C218DCC4BD0081B494 /* Sources */,
				75A371C318DCC4BD0081B494 /* Frameworks */,
				75A371C418DCC4BD0081B494 /* Resources */,
			);
			buildRules = (
			);
			dependencies = (
				75A371CC18DCC4BD0081B494 /* PBXTargetDependency */,
			);
			name = audiobooksTests;
			productName = audiobooksTests;
			productReference = 75A371C618DCC4BD0081B494 /* audiobooksTests.xctest */;
			productType = "com.apple.product-type.bundle.unit-test";
		};
/* End PBXNativeTarget section */

/* Begin PBXProject section */
		75A3719A18DCC4BD0081B494 /* Project object */ = {
			isa = PBXProject;
			attributes = {
				LastUpgradeCheck = 0510;
				ORGANIZATIONNAME = "Andrei Vidrasco";
				TargetAttributes = {
					75A371C518DCC4BD0081B494 = {
						TestTargetID = 75A371A118DCC4BD0081B494;
					};
				};
			};
			buildConfigurationList = 75A3719D18DCC4BD0081B494 /* Build configuration list for PBXProject "audiobooks" */;
			compatibilityVersion = "Xcode 3.2";
			developmentRegion = English;
			hasScannedForEncodings = 0;
			knownRegions = (
				en,
				Base,
			);
			mainGroup = 75A3719918DCC4BD0081B494;
			productRefGroup = 75A371A318DCC4BD0081B494 /* Products */;
			projectDirPath = "";
			projectRoot = "";
			targets = (
				75A371A118DCC4BD0081B494 /* audiobooks */,
				75A371C518DCC4BD0081B494 /* audiobooksTests */,
			);
		};
/* End PBXProject section */

/* Begin PBXResourcesBuildPhase section */
		75A371A018DCC4BD0081B494 /* Resources */ = {
			isa = PBXResourcesBuildPhase;
			buildActionMask = 2147483647;
			files = (
				75A371BC18DCC4BD0081B494 /* Main_iPad.storyboard in Resources */,
				75A371C118DCC4BD0081B494 /* Images.xcassets in Resources */,
				75A371B918DCC4BD0081B494 /* Main_iPhone.storyboard in Resources */,
				75A371B018DCC4BD0081B494 /* InfoPlist.strings in Resources */,
			);
			runOnlyForDeploymentPostprocessing = 0;
		};
		75A371C418DCC4BD0081B494 /* Resources */ = {
			isa = PBXResourcesBuildPhase;
			buildActionMask = 2147483647;
			files = (
				75A371D218DCC4BD0081B494 /* InfoPlist.strings in Resources */,
			);
			runOnlyForDeploymentPostprocessing = 0;
		};
/* End PBXResourcesBuildPhase section */

/* Begin PBXSourcesBuildPhase section */
		75A3719E18DCC4BD0081B494 /* Sources */ = {
			isa = PBXSourcesBuildPhase;
			buildActionMask = 2147483647;
			files = (
				75A371BF18DCC4BD0081B494 /* ViewController.m in Sources */,
				75A371B618DCC4BD0081B494 /* AppDelegate.m in Sources */,
				75A371B218DCC4BD0081B494 /* main.m in Sources */,
			);
			runOnlyForDeploymentPostprocessing = 0;
		};
		75A371C218DCC4BD0081B494 /* Sources */ = {
			isa = PBXSourcesBuildPhase;
			buildActionMask = 2147483647;
			files = (
				75A371D418DCC4BD0081B494 /* audiobooksTests.m in Sources */,
			);
			runOnlyForDeploymentPostprocessing = 0;
		};
/* End PBXSourcesBuildPhase section */

/* Begin PBXTargetDependency section */
		75A371CC18DCC4BD0081B494 /* PBXTargetDependency */ = {
			isa = PBXTargetDependency;
			target = 75A371A118DCC4BD0081B494 /* audiobooks */;
			targetProxy = 75A371CB18DCC4BD0081B494 /* PBXContainerItemProxy */;
		};
/* End PBXTargetDependency section */

/* Begin PBXVariantGroup section */
		75A371AE18DCC4BD0081B494 /* InfoPlist.strings */ = {
			isa = PBXVariantGroup;
			children = (
				75A371AF18DCC4BD0081B494 /* en */,
			);
			name = InfoPlist.strings;
			sourceTree = "<group>";
		};
		75A371B718DCC4BD0081B494 /* Main_iPhone.storyboard */ = {
			isa = PBXVariantGroup;
			children = (
				75A371B818DCC4BD0081B494 /* Base */,
			);
			name = Main_iPhone.storyboard;
			sourceTree = "<group>";
		};
		75A371BA18DCC4BD0081B494 /* Main_iPad.storyboard */ = {
			isa = PBXVariantGroup;
			children = (
				75A371BB18DCC4BD0081B494 /* Base */,
			);
			name = Main_iPad.storyboard;
			sourceTree = "<group>";
		};
		75A371D018DCC4BD0081B494 /* InfoPlist.strings */ = {
			isa = PBXVariantGroup;
			children = (
				75A371D118DCC4BD0081B494 /* en */,
			);
			name = InfoPlist.strings;
			sourceTree = "<group>";
		};
/* End PBXVariantGroup section */

/* Begin XCBuildConfiguration section */
		75A371D518DCC4BD0081B494 /* Debug */ = {
			isa = XCBuildConfiguration;
			buildSettings = {
				ALWAYS_SEARCH_USER_PATHS = NO;
				CLANG_CXX_LANGUAGE_STANDARD = "gnu++0x";
				CLANG_CXX_LIBRARY = "libc++";
				CLANG_ENABLE_MODULES = YES;
				CLANG_ENABLE_OBJC_ARC = YES;
				CLANG_WARN_BOOL_CONVERSION = YES;
				CLANG_WARN_CONSTANT_CONVERSION = YES;
				CLANG_WARN_DIRECT_OBJC_ISA_USAGE = YES_ERROR;
				CLANG_WARN_EMPTY_BODY = YES;
				CLANG_WARN_ENUM_CONVERSION = YES;
				CLANG_WARN_INT_CONVERSION = YES;
				CLANG_WARN_OBJC_ROOT_CLASS = YES_ERROR;
				CLANG_WARN__DUPLICATE_METHOD_MATCH = YES;
				"CODE_SIGN_IDENTITY[sdk=iphoneos*]" = "iPhone Developer";
				COPY_PHASE_STRIP = NO;
				GCC_C_LANGUAGE_STANDARD = gnu99;
				GCC_DYNAMIC_NO_PIC = NO;
				GCC_OPTIMIZATION_LEVEL = 0;
				GCC_PREPROCESSOR_DEFINITIONS = (
					"DEBUG=1",
					"$(inherited)",
				);
				GCC_SYMBOLS_PRIVATE_EXTERN = NO;
				GCC_WARN_64_TO_32_BIT_CONVERSION = YES;
				GCC_WARN_ABOUT_RETURN_TYPE = YES_ERROR;
				GCC_WARN_UNDECLARED_SELECTOR = YES;
				GCC_WARN_UNINITIALIZED_AUTOS = YES_AGGRESSIVE;
				GCC_WARN_UNUSED_FUNCTION = YES;
				GCC_WARN_UNUSED_VARIABLE = YES;
				IPHONEOS_DEPLOYMENT_TARGET = 7.1;
				ONLY_ACTIVE_ARCH = YES;
				SDKROOT = iphoneos;
				TARGETED_DEVICE_FAMILY = "1,2";
			};
			name = Debug;
		};
		75A371D618DCC4BD0081B494 /* Release */ = {
			isa = XCBuildConfiguration;
			buildSettings = {
				ALWAYS_SEARCH_USER_PATHS = NO;
				CLANG_CXX_LANGUAGE_STANDARD = "gnu++0x";
				CLANG_CXX_LIBRARY = "libc++";
				CLANG_ENABLE_MODULES = YES;
				CLANG_ENABLE_OBJC_ARC = YES;
				CLANG_WARN_BOOL_CONVERSION = YES;
				CLANG_WARN_CONSTANT_CONVERSION = YES;
				CLANG_WARN_DIRECT_OBJC_ISA_USAGE = YES_ERROR;
				CLANG_WARN_EMPTY_BODY = YES;
				CLANG_WARN_ENUM_CONVERSION = YES;
				CLANG_WARN_INT_CONVERSION = YES;
				CLANG_WARN_OBJC_ROOT_CLASS = YES_ERROR;
				CLANG_WARN__DUPLICATE_METHOD_MATCH = YES;
				"CODE_SIGN_IDENTITY[sdk=iphoneos*]" = "iPhone Developer";
				COPY_PHASE_STRIP = YES;
				ENABLE_NS_ASSERTIONS = NO;
				GCC_C_LANGUAGE_STANDARD = gnu99;
				GCC_WARN_64_TO_32_BIT_CONVERSION = YES;
				GCC_WARN_ABOUT_RETURN_TYPE = YES_ERROR;
				GCC_WARN_UNDECLARED_SELECTOR = YES;
				GCC_WARN_UNINITIALIZED_AUTOS = YES_AGGRESSIVE;
				GCC_WARN_UNUSED_FUNCTION = YES;
				GCC_WARN_UNUSED_VARIABLE = YES;
				IPHONEOS_DEPLOYMENT_TARGET = 7.1;
				SDKROOT = iphoneos;
				TARGETED_DEVICE_FAMILY = "1,2";
				VALIDATE_PRODUCT = YES;
			};
			name = Release;
		};
		75A371D818DCC4BD0081B494 /* Debug */ = {
			isa = XCBuildConfiguration;
			buildSettings = {
				ASSETCATALOG_COMPILER_APPICON_NAME = AppIcon;
				ASSETCATALOG_COMPILER_LAUNCHIMAGE_NAME = LaunchImage;
				GCC_PRECOMPILE_PREFIX_HEADER = YES;
				GCC_PREFIX_HEADER = "audiobooks/audiobooks-Prefix.pch";
				INFOPLIST_FILE = "audiobooks/audiobooks-Info.plist";
				PRODUCT_NAME = "$(TARGET_NAME)";
				WRAPPER_EXTENSION = app;
			};
			name = Debug;
		};
		75A371D918DCC4BD0081B494 /* Release */ = {
			isa = XCBuildConfiguration;
			buildSettings = {
				ASSETCATALOG_COMPILER_APPICON_NAME = AppIcon;
				ASSETCATALOG_COMPILER_LAUNCHIMAGE_NAME = LaunchImage;
				GCC_PRECOMPILE_PREFIX_HEADER = YES;
				GCC_PREFIX_HEADER = "audiobooks/audiobooks-Prefix.pch";
				INFOPLIST_FILE = "audiobooks/audiobooks-Info.plist";
				PRODUCT_NAME = "$(TARGET_NAME)";
				WRAPPER_EXTENSION = app;
			};
			name = Release;
		};
		75A371DB18DCC4BD0081B494 /* Debug */ = {
			isa = XCBuildConfiguration;
			buildSettings = {
				BUNDLE_LOADER = "$(BUILT_PRODUCTS_DIR)/audiobooks.app/audiobooks";
				FRAMEWORK_SEARCH_PATHS = (
					"$(SDKROOT)/Developer/Library/Frameworks",
					"$(inherited)",
					"$(DEVELOPER_FRAMEWORKS_DIR)",
				);
				GCC_PRECOMPILE_PREFIX_HEADER = YES;
				GCC_PREFIX_HEADER = "audiobooks/audiobooks-Prefix.pch";
				GCC_PREPROCESSOR_DEFINITIONS = (
					"DEBUG=1",
					"$(inherited)",
				);
				INFOPLIST_FILE = "audiobooksTests/audiobooksTests-Info.plist";
				PRODUCT_NAME = "$(TARGET_NAME)";
				TEST_HOST = "$(BUNDLE_LOADER)";
				WRAPPER_EXTENSION = xctest;
			};
			name = Debug;
		};
		75A371DC18DCC4BD0081B494 /* Release */ = {
			isa = XCBuildConfiguration;
			buildSettings = {
				BUNDLE_LOADER = "$(BUILT_PRODUCTS_DIR)/audiobooks.app/audiobooks";
				FRAMEWORK_SEARCH_PATHS = (
					"$(SDKROOT)/Developer/Library/Frameworks",
					"$(inherited)",
					"$(DEVELOPER_FRAMEWORKS_DIR)",
				);
				GCC_PRECOMPILE_PREFIX_HEADER = YES;
				GCC_PREFIX_HEADER = "audiobooks/audiobooks-Prefix.pch";
				INFOPLIST_FILE = "audiobooksTests/audiobooksTests-Info.plist";
				PRODUCT_NAME = "$(TARGET_NAME)";
				TEST_HOST = "$(BUNDLE_LOADER)";
				WRAPPER_EXTENSION = xctest;
			};
			name = Release;
		};
/* End XCBuildConfiguration section */

/* Begin XCConfigurationList section */
		75A3719D18DCC4BD0081B494 /* Build configuration list for PBXProject "audiobooks" */ = {
			isa = XCConfigurationList;
			buildConfigurations = (
				75A371D518DCC4BD0081B494 /* Debug */,
				75A371D618DCC4BD0081B494 /* Release */,
			);
			defaultConfigurationIsVisible = 0;
			defaultConfigurationName = Release;
		};
		75A371D718DCC4BD0081B494 /* Build configuration list for PBXNativeTarget "audiobooks" */ = {
			isa = XCConfigurationList;
			buildConfigurations = (
				75A371D818DCC4BD0081B494 /* Debug */,
				75A371D918DCC4BD0081B494 /* Release */,
			);
			defaultConfigurationIsVisible = 0;
		};
		75A371DA18DCC4BD0081B494 /* Build configuration list for PBXNativeTarget "audiobooksTests" */ = {
			isa = XCConfigurationList;
			buildConfigurations = (
				75A371DB18DCC4BD0081B494 /* Debug */,
				75A371DC18DCC4BD0081B494 /* Release */,
			);
			defaultConfigurationIsVisible = 0;
		};
/* End XCConfigurationList section */
	};
	rootObject = 75A3719A18DCC4BD0081B494 /* Project object */;
}
